
Microsoft Visual Studio Solution File, Format Version 12.00
# Visual Studio Version 16
VisualStudioVersion = 16.0.30907.101
MinimumVisualStudioVersion = 10.0.40219.1
Project("{9A19103F-16F7-4668-BE54-9A1E7A4F7556}") = "VulnerableSoap.Api", "VulnerableSoap.Api\VulnerableSoap.Api.csproj", "{B2C09DEE-E53A-45CA-8525-38E6F39A7982}"
EndProject
Project("{9A19103F-16F7-4668-BE54-9A1E7A4F7556}") = "Moreland.VulnerableSoap.Data", "VulnerableSoap.Data\Moreland.VulnerableSoap.Data.csproj", "{38E7D5ED-0DDF-4397-B5B6-CD185F48E0DB}"
EndProject
Project("{9A19103F-16F7-4668-BE54-9A1E7A4F7556}") = "Vulnerable.Infrastructure.Data.Net5", "Vulnerable.Infrastructure.Data.Net5\Vulnerable.Infrastructure.Data.Net5.csproj", "{BA26EAA2-FA3A-49BA-AA5B-0389EC17965C}"
EndProject
Project("{9A19103F-16F7-4668-BE54-9A1E7A4F7556}") = "Vulnerable.Api.Soap.Net5", "Vulnerable.Api.Soap.Net5\Vulnerable.Api.Soap.Net5.csproj", "{D7B871DD-C18A-4E44-9951-80A5A090C150}"
EndProject
Project("{9A19103F-16F7-4668-BE54-9A1E7A4F7556}") = "Vulnerable.Domain", "Vulnerable.Domain\Vulnerable.Domain.csproj", "{5D407CA5-A59E-4461-9FAE-9CDD0B18009B}"
EndProject
Project("{2150E333-8FDC-42A3-9474-1A3956D46DE8}") = "Core", "Core", "{04E90303-DA75-42A5-A9D7-EE32FA841842}"
EndProject
Project("{9A19103F-16F7-4668-BE54-9A1E7A4F7556}") = "Vulnerable.Application", "Vulnerable.Application\Vulnerable.Application.csproj", "{CB4F77C8-F703-48F0-9120-5A17FDB420FC}"
EndProject
Project("{2150E333-8FDC-42A3-9474-1A3956D46DE8}") = "Legacy", "Legacy", "{D02167BB-9F6D-4323-80B3-FD23FF895B96}"
EndProject
Project("{9A19103F-16F7-4668-BE54-9A1E7A4F7556}") = "Vulnerable.Shared", "Vulnerable.Shared\Vulnerable.Shared.csproj", "{80FF71CB-8E75-4642-A4DD-6FFA4E97DB75}"
EndProject
Project("{9A19103F-16F7-4668-BE54-9A1E7A4F7556}") = "Vulnerable.Application.Cities", "Vulnerable.Application.Cities\Vulnerable.Application.Cities.csproj", "{FC278CC3-98C4-4CE7-81CC-9283DF559DDE}"
EndProject
Project("{2150E333-8FDC-42A3-9474-1A3956D46DE8}") = "Shared", "Shared", "{AEDCD6F6-6153-4DAB-9E5F-ED5E2FBDE7AD}"
EndProject
Project("{9A19103F-16F7-4668-BE54-9A1E7A4F7556}") = "Vulnerable.Shared.Net5", "Vulnerable.Shared.Net5\Vulnerable.Shared.Net5.csproj", "{FDC81674-FE53-4777-9BB6-B4D94EB961C3}"
EndProject
Project("{FAE04EC0-301F-11D3-BF4B-00C04F79EFBC}") = "Vulnerable.Api.Net48", "Vulnerable.Api.Net48\Vulnerable.Api.Net48.csproj", "{108B3C0F-E333-4E1D-B91F-3F5152032504}"
EndProject
Project("{9A19103F-16F7-4668-BE54-9A1E7A4F7556}") = "Vulnerable.Application.Provinces", "Vulnerable.Application.Provinces\Vulnerable.Application.Provinces.csproj", "{DF8F255C-6AC5-4D2B-95E4-459CE8A3F076}"
EndProject
Project("{9A19103F-16F7-4668-BE54-9A1E7A4F7556}") = "Vulnerable.Application.Countries", "Vulnerable.Application.Countries\Vulnerable.Application.Countries.csproj", "{EA87F1D5-F26A-424F-8919-A089A2A95119}"
EndProject
Project("{9A19103F-16F7-4668-BE54-9A1E7A4F7556}") = "Vulnerable.Application.Continents", "Vulnerable.Application.Continents\Vulnerable.Application.Continents.csproj", "{46B63579-A93A-48D6-88BE-12D04C51EAA9}"
EndProject
Project("{2150E333-8FDC-42A3-9474-1A3956D46DE8}") = "Infrastructure", "Infrastructure", "{45B949D1-25CD-4500-9F57-D4D0A82B047E}"
EndProject
Project("{2150E333-8FDC-42A3-9474-1A3956D46DE8}") = "API", "API", "{34309014-4D36-4E6C-AB38-67F1314FE2E2}"
EndProject
Global
	GlobalSection(SolutionConfigurationPlatforms) = preSolution
		Debug|Any CPU = Debug|Any CPU
		Release|Any CPU = Release|Any CPU
	EndGlobalSection
	GlobalSection(ProjectConfigurationPlatforms) = postSolution
		{B2C09DEE-E53A-45CA-8525-38E6F39A7982}.Debug|Any CPU.ActiveCfg = Debug|Any CPU
		{B2C09DEE-E53A-45CA-8525-38E6F39A7982}.Debug|Any CPU.Build.0 = Debug|Any CPU
		{B2C09DEE-E53A-45CA-8525-38E6F39A7982}.Release|Any CPU.ActiveCfg = Release|Any CPU
		{B2C09DEE-E53A-45CA-8525-38E6F39A7982}.Release|Any CPU.Build.0 = Release|Any CPU
		{38E7D5ED-0DDF-4397-B5B6-CD185F48E0DB}.Debug|Any CPU.ActiveCfg = Debug|Any CPU
		{38E7D5ED-0DDF-4397-B5B6-CD185F48E0DB}.Debug|Any CPU.Build.0 = Debug|Any CPU
		{38E7D5ED-0DDF-4397-B5B6-CD185F48E0DB}.Release|Any CPU.ActiveCfg = Release|Any CPU
		{38E7D5ED-0DDF-4397-B5B6-CD185F48E0DB}.Release|Any CPU.Build.0 = Release|Any CPU
		{BA26EAA2-FA3A-49BA-AA5B-0389EC17965C}.Debug|Any CPU.ActiveCfg = Debug|Any CPU
		{BA26EAA2-FA3A-49BA-AA5B-0389EC17965C}.Debug|Any CPU.Build.0 = Debug|Any CPU
		{BA26EAA2-FA3A-49BA-AA5B-0389EC17965C}.Release|Any CPU.ActiveCfg = Release|Any CPU
		{BA26EAA2-FA3A-49BA-AA5B-0389EC17965C}.Release|Any CPU.Build.0 = Release|Any CPU
		{D7B871DD-C18A-4E44-9951-80A5A090C150}.Debug|Any CPU.ActiveCfg = Debug|Any CPU
		{D7B871DD-C18A-4E44-9951-80A5A090C150}.Debug|Any CPU.Build.0 = Debug|Any CPU
		{D7B871DD-C18A-4E44-9951-80A5A090C150}.Release|Any CPU.ActiveCfg = Release|Any CPU
		{D7B871DD-C18A-4E44-9951-80A5A090C150}.Release|Any CPU.Build.0 = Release|Any CPU
		{5D407CA5-A59E-4461-9FAE-9CDD0B18009B}.Debug|Any CPU.ActiveCfg = Debug|Any CPU
		{5D407CA5-A59E-4461-9FAE-9CDD0B18009B}.Debug|Any CPU.Build.0 = Debug|Any CPU
		{5D407CA5-A59E-4461-9FAE-9CDD0B18009B}.Release|Any CPU.ActiveCfg = Release|Any CPU
		{5D407CA5-A59E-4461-9FAE-9CDD0B18009B}.Release|Any CPU.Build.0 = Release|Any CPU
		{CB4F77C8-F703-48F0-9120-5A17FDB420FC}.Debug|Any CPU.ActiveCfg = Debug|Any CPU
		{CB4F77C8-F703-48F0-9120-5A17FDB420FC}.Debug|Any CPU.Build.0 = Debug|Any CPU
		{CB4F77C8-F703-48F0-9120-5A17FDB420FC}.Release|Any CPU.ActiveCfg = Release|Any CPU
		{CB4F77C8-F703-48F0-9120-5A17FDB420FC}.Release|Any CPU.Build.0 = Release|Any CPU
		{80FF71CB-8E75-4642-A4DD-6FFA4E97DB75}.Debug|Any CPU.ActiveCfg = Debug|Any CPU
		{80FF71CB-8E75-4642-A4DD-6FFA4E97DB75}.Debug|Any CPU.Build.0 = Debug|Any CPU
		{80FF71CB-8E75-4642-A4DD-6FFA4E97DB75}.Release|Any CPU.ActiveCfg = Release|Any CPU
		{80FF71CB-8E75-4642-A4DD-6FFA4E97DB75}.Release|Any CPU.Build.0 = Release|Any CPU
		{FC278CC3-98C4-4CE7-81CC-9283DF559DDE}.Debug|Any CPU.ActiveCfg = Debug|Any CPU
		{FC278CC3-98C4-4CE7-81CC-9283DF559DDE}.Debug|Any CPU.Build.0 = Debug|Any CPU
		{FC278CC3-98C4-4CE7-81CC-9283DF559DDE}.Release|Any CPU.ActiveCfg = Release|Any CPU
		{FC278CC3-98C4-4CE7-81CC-9283DF559DDE}.Release|Any CPU.Build.0 = Release|Any CPU
		{FDC81674-FE53-4777-9BB6-B4D94EB961C3}.Debug|Any CPU.ActiveCfg = Debug|Any CPU
		{FDC81674-FE53-4777-9BB6-B4D94EB961C3}.Debug|Any CPU.Build.0 = Debug|Any CPU
		{FDC81674-FE53-4777-9BB6-B4D94EB961C3}.Release|Any CPU.ActiveCfg = Release|Any CPU
		{FDC81674-FE53-4777-9BB6-B4D94EB961C3}.Release|Any CPU.Build.0 = Release|Any CPU
		{108B3C0F-E333-4E1D-B91F-3F5152032504}.Debug|Any CPU.ActiveCfg = Debug|Any CPU
		{108B3C0F-E333-4E1D-B91F-3F5152032504}.Debug|Any CPU.Build.0 = Debug|Any CPU
		{108B3C0F-E333-4E1D-B91F-3F5152032504}.Release|Any CPU.ActiveCfg = Release|Any CPU
		{108B3C0F-E333-4E1D-B91F-3F5152032504}.Release|Any CPU.Build.0 = Release|Any CPU
		{DF8F255C-6AC5-4D2B-95E4-459CE8A3F076}.Debug|Any CPU.ActiveCfg = Debug|Any CPU
		{DF8F255C-6AC5-4D2B-95E4-459CE8A3F076}.Debug|Any CPU.Build.0 = Debug|Any CPU
		{DF8F255C-6AC5-4D2B-95E4-459CE8A3F076}.Release|Any CPU.ActiveCfg = Release|Any CPU
		{DF8F255C-6AC5-4D2B-95E4-459CE8A3F076}.Release|Any CPU.Build.0 = Release|Any CPU
		{EA87F1D5-F26A-424F-8919-A089A2A95119}.Debug|Any CPU.ActiveCfg = Debug|Any CPU
		{EA87F1D5-F26A-424F-8919-A089A2A95119}.Debug|Any CPU.Build.0 = Debug|Any CPU
		{EA87F1D5-F26A-424F-8919-A089A2A95119}.Release|Any CPU.ActiveCfg = Release|Any CPU
		{EA87F1D5-F26A-424F-8919-A089A2A95119}.Release|Any CPU.Build.0 = Release|Any CPU
		{46B63579-A93A-48D6-88BE-12D04C51EAA9}.Debug|Any CPU.ActiveCfg = Debug|Any CPU
		{46B63579-A93A-48D6-88BE-12D04C51EAA9}.Debug|Any CPU.Build.0 = Debug|Any CPU
		{46B63579-A93A-48D6-88BE-12D04C51EAA9}.Release|Any CPU.ActiveCfg = Release|Any CPU
		{46B63579-A93A-48D6-88BE-12D04C51EAA9}.Release|Any CPU.Build.0 = Release|Any CPU
	EndGlobalSection
	GlobalSection(SolutionProperties) = preSolution
		HideSolutionNode = FALSE
	EndGlobalSection
	GlobalSection(NestedProjects) = preSolution
		{B2C09DEE-E53A-45CA-8525-38E6F39A7982} = {D02167BB-9F6D-4323-80B3-FD23FF895B96}
		{38E7D5ED-0DDF-4397-B5B6-CD185F48E0DB} = {D02167BB-9F6D-4323-80B3-FD23FF895B96}
		{BA26EAA2-FA3A-49BA-AA5B-0389EC17965C} = {45B949D1-25CD-4500-9F57-D4D0A82B047E}
		{D7B871DD-C18A-4E44-9951-80A5A090C150} = {34309014-4D36-4E6C-AB38-67F1314FE2E2}
		{5D407CA5-A59E-4461-9FAE-9CDD0B18009B} = {04E90303-DA75-42A5-A9D7-EE32FA841842}
		{CB4F77C8-F703-48F0-9120-5A17FDB420FC} = {04E90303-DA75-42A5-A9D7-EE32FA841842}
		{80FF71CB-8E75-4642-A4DD-6FFA4E97DB75} = {AEDCD6F6-6153-4DAB-9E5F-ED5E2FBDE7AD}
		{FC278CC3-98C4-4CE7-81CC-9283DF559DDE} = {04E90303-DA75-42A5-A9D7-EE32FA841842}
		{FDC81674-FE53-4777-9BB6-B4D94EB961C3} = {AEDCD6F6-6153-4DAB-9E5F-ED5E2FBDE7AD}
		{108B3C0F-E333-4E1D-B91F-3F5152032504} = {34309014-4D36-4E6C-AB38-67F1314FE2E2}
		{DF8F255C-6AC5-4D2B-95E4-459CE8A3F076} = {04E90303-DA75-42A5-A9D7-EE32FA841842}
		{EA87F1D5-F26A-424F-8919-A089A2A95119} = {04E90303-DA75-42A5-A9D7-EE32FA841842}
		{46B63579-A93A-48D6-88BE-12D04C51EAA9} = {04E90303-DA75-42A5-A9D7-EE32FA841842}
	EndGlobalSection
	GlobalSection(ExtensibilityGlobals) = postSolution
		SolutionGuid = {D958E4E0-EB48-4C20-9D31-859C5BADC004}
	EndGlobalSection
EndGlobal
