
Microsoft Visual Studio Solution File, Format Version 12.00
# Visual Studio Version 16
VisualStudioVersion = 16.0.30907.101
MinimumVisualStudioVersion = 10.0.40219.1
Project("{9A19103F-16F7-4668-BE54-9A1E7A4F7556}") = "VulnerableSoap.Api", "VulnerableSoap.Api\VulnerableSoap.Api.csproj", "{B2C09DEE-E53A-45CA-8525-38E6F39A7982}"
EndProject
Project("{9A19103F-16F7-4668-BE54-9A1E7A4F7556}") = "Moreland.VulnerableSoap.Data", "VulnerableSoap.Data\Moreland.VulnerableSoap.Data.csproj", "{38E7D5ED-0DDF-4397-B5B6-CD185F48E0DB}"
EndProject
Project("{2150E333-8FDC-42A3-9474-1A3956D46DE8}") = "NET5", "NET5", "{E134FD51-817D-4AD8-9E00-BC4C4D6BB48A}"
EndProject
Project("{9A19103F-16F7-4668-BE54-9A1E7A4F7556}") = "Vulnerable.Net5.Data", "Vulnerable.Net5.Data\Vulnerable.Net5.Data.csproj", "{BA26EAA2-FA3A-49BA-AA5B-0389EC17965C}"
EndProject
Project("{9A19103F-16F7-4668-BE54-9A1E7A4F7556}") = "Vulnerable.Net5.Soap.Api", "Vulnerable.Net5.Soap.Api\Vulnerable.Net5.Soap.Api.csproj", "{D7B871DD-C18A-4E44-9951-80A5A090C150}"
EndProject
Project("{9A19103F-16F7-4668-BE54-9A1E7A4F7556}") = "Vulnerable.Domain", "Vulnerable.Domain\Vulnerable.Domain.csproj", "{5D407CA5-A59E-4461-9FAE-9CDD0B18009B}"
EndProject
Project("{2150E333-8FDC-42A3-9474-1A3956D46DE8}") = "Core", "Core", "{47AD2852-5207-4DE9-9C7B-1A3D91098A9E}"
EndProject
Project("{2150E333-8FDC-42A3-9474-1A3956D46DE8}") = "Infrastructure", "Infrastructure", "{804088CF-6F52-449B-BBDF-181CF13EAFBC}"
EndProject
Project("{9A19103F-16F7-4668-BE54-9A1E7A4F7556}") = "Vulnerable.Net5.Application", "Vulnerable.Net5.Application\Vulnerable.Net5.Application.csproj", "{2BB928C1-635F-45BC-9DDF-4614F6C8E70B}"
EndProject
Project("{2150E333-8FDC-42A3-9474-1A3956D46DE8}") = "Core", "Core", "{04E90303-DA75-42A5-A9D7-EE32FA841842}"
EndProject
Project("{9A19103F-16F7-4668-BE54-9A1E7A4F7556}") = "Vulnerable.Application", "Vulnerable.Application\Vulnerable.Application.csproj", "{CB4F77C8-F703-48F0-9120-5A17FDB420FC}"
EndProject
Global
	GlobalSection(SolutionConfigurationPlatforms) = preSolution
		Debug|Any CPU = Debug|Any CPU
		Release|Any CPU = Release|Any CPU
	EndGlobalSection
	GlobalSection(ProjectConfigurationPlatforms) = postSolution
		{B2C09DEE-E53A-45CA-8525-38E6F39A7982}.Debug|Any CPU.ActiveCfg = Debug|Any CPU
		{B2C09DEE-E53A-45CA-8525-38E6F39A7982}.Debug|Any CPU.Build.0 = Debug|Any CPU
		{B2C09DEE-E53A-45CA-8525-38E6F39A7982}.Release|Any CPU.ActiveCfg = Release|Any CPU
		{B2C09DEE-E53A-45CA-8525-38E6F39A7982}.Release|Any CPU.Build.0 = Release|Any CPU
		{38E7D5ED-0DDF-4397-B5B6-CD185F48E0DB}.Debug|Any CPU.ActiveCfg = Debug|Any CPU
		{38E7D5ED-0DDF-4397-B5B6-CD185F48E0DB}.Debug|Any CPU.Build.0 = Debug|Any CPU
		{38E7D5ED-0DDF-4397-B5B6-CD185F48E0DB}.Release|Any CPU.ActiveCfg = Release|Any CPU
		{38E7D5ED-0DDF-4397-B5B6-CD185F48E0DB}.Release|Any CPU.Build.0 = Release|Any CPU
		{BA26EAA2-FA3A-49BA-AA5B-0389EC17965C}.Debug|Any CPU.ActiveCfg = Debug|Any CPU
		{BA26EAA2-FA3A-49BA-AA5B-0389EC17965C}.Debug|Any CPU.Build.0 = Debug|Any CPU
		{BA26EAA2-FA3A-49BA-AA5B-0389EC17965C}.Release|Any CPU.ActiveCfg = Release|Any CPU
		{BA26EAA2-FA3A-49BA-AA5B-0389EC17965C}.Release|Any CPU.Build.0 = Release|Any CPU
		{D7B871DD-C18A-4E44-9951-80A5A090C150}.Debug|Any CPU.ActiveCfg = Debug|Any CPU
		{D7B871DD-C18A-4E44-9951-80A5A090C150}.Debug|Any CPU.Build.0 = Debug|Any CPU
		{D7B871DD-C18A-4E44-9951-80A5A090C150}.Release|Any CPU.ActiveCfg = Release|Any CPU
		{D7B871DD-C18A-4E44-9951-80A5A090C150}.Release|Any CPU.Build.0 = Release|Any CPU
		{5D407CA5-A59E-4461-9FAE-9CDD0B18009B}.Debug|Any CPU.ActiveCfg = Debug|Any CPU
		{5D407CA5-A59E-4461-9FAE-9CDD0B18009B}.Debug|Any CPU.Build.0 = Debug|Any CPU
		{5D407CA5-A59E-4461-9FAE-9CDD0B18009B}.Release|Any CPU.ActiveCfg = Release|Any CPU
		{5D407CA5-A59E-4461-9FAE-9CDD0B18009B}.Release|Any CPU.Build.0 = Release|Any CPU
		{2BB928C1-635F-45BC-9DDF-4614F6C8E70B}.Debug|Any CPU.ActiveCfg = Debug|Any CPU
		{2BB928C1-635F-45BC-9DDF-4614F6C8E70B}.Debug|Any CPU.Build.0 = Debug|Any CPU
		{2BB928C1-635F-45BC-9DDF-4614F6C8E70B}.Release|Any CPU.ActiveCfg = Release|Any CPU
		{2BB928C1-635F-45BC-9DDF-4614F6C8E70B}.Release|Any CPU.Build.0 = Release|Any CPU
		{CB4F77C8-F703-48F0-9120-5A17FDB420FC}.Debug|Any CPU.ActiveCfg = Debug|Any CPU
		{CB4F77C8-F703-48F0-9120-5A17FDB420FC}.Debug|Any CPU.Build.0 = Debug|Any CPU
		{CB4F77C8-F703-48F0-9120-5A17FDB420FC}.Release|Any CPU.ActiveCfg = Release|Any CPU
		{CB4F77C8-F703-48F0-9120-5A17FDB420FC}.Release|Any CPU.Build.0 = Release|Any CPU
	EndGlobalSection
	GlobalSection(SolutionProperties) = preSolution
		HideSolutionNode = FALSE
	EndGlobalSection
	GlobalSection(NestedProjects) = preSolution
		{BA26EAA2-FA3A-49BA-AA5B-0389EC17965C} = {804088CF-6F52-449B-BBDF-181CF13EAFBC}
		{D7B871DD-C18A-4E44-9951-80A5A090C150} = {E134FD51-817D-4AD8-9E00-BC4C4D6BB48A}
		{5D407CA5-A59E-4461-9FAE-9CDD0B18009B} = {04E90303-DA75-42A5-A9D7-EE32FA841842}
		{47AD2852-5207-4DE9-9C7B-1A3D91098A9E} = {E134FD51-817D-4AD8-9E00-BC4C4D6BB48A}
		{804088CF-6F52-449B-BBDF-181CF13EAFBC} = {E134FD51-817D-4AD8-9E00-BC4C4D6BB48A}
		{2BB928C1-635F-45BC-9DDF-4614F6C8E70B} = {47AD2852-5207-4DE9-9C7B-1A3D91098A9E}
		{CB4F77C8-F703-48F0-9120-5A17FDB420FC} = {04E90303-DA75-42A5-A9D7-EE32FA841842}
	EndGlobalSection
	GlobalSection(ExtensibilityGlobals) = postSolution
		SolutionGuid = {D958E4E0-EB48-4C20-9D31-859C5BADC004}
	EndGlobalSection
EndGlobal
