
Microsoft Visual Studio Solution File, Format Version 12.00
# Visual Studio Version 16
VisualStudioVersion = 16.0.30907.101
MinimumVisualStudioVersion = 10.0.40219.1
Project("{9A19103F-16F7-4668-BE54-9A1E7A4F7556}") = "Vulnerable.Domain", "..\Vulnerable.Domain\Vulnerable.Domain.csproj", "{5D407CA5-A59E-4461-9FAE-9CDD0B18009B}"
EndProject
Project("{2150E333-8FDC-42A3-9474-1A3956D46DE8}") = "Core", "Core", "{04E90303-DA75-42A5-A9D7-EE32FA841842}"
EndProject
Project("{9A19103F-16F7-4668-BE54-9A1E7A4F7556}") = "Vulnerable.Shared", "..\Vulnerable.Shared\Vulnerable.Shared.csproj", "{80FF71CB-8E75-4642-A4DD-6FFA4E97DB75}"
EndProject
Project("{2150E333-8FDC-42A3-9474-1A3956D46DE8}") = "Shared", "Shared", "{AEDCD6F6-6153-4DAB-9E5F-ED5E2FBDE7AD}"
EndProject
Project("{2150E333-8FDC-42A3-9474-1A3956D46DE8}") = "Infrastructure", "Infrastructure", "{45B949D1-25CD-4500-9F57-D4D0A82B047E}"
EndProject
Project("{2150E333-8FDC-42A3-9474-1A3956D46DE8}") = "API", "API", "{34309014-4D36-4E6C-AB38-67F1314FE2E2}"
EndProject
Project("{9A19103F-16F7-4668-BE54-9A1E7A4F7556}") = "Vulnerable.Application", "..\Vulnerable.Application\Vulnerable.Application.csproj", "{4BE4E459-3594-49CE-8108-386921C6F111}"
EndProject
Project("{9A19103F-16F7-4668-BE54-9A1E7A4F7556}") = "Vulnerable.Infrastructure", "..\Vulnerable.Infrastructure\Vulnerable.Infrastructure.csproj", "{758A7281-6E21-473F-9DDC-8E99979C6A24}"
EndProject
Project("{FAE04EC0-301F-11D3-BF4B-00C04F79EFBC}") = "Vulnerable.Net48.Api", "Vulnerable.Net48.Api\Vulnerable.Net48.Api.csproj", "{C523F530-89E8-4AA6-AD8B-85E60795AB2F}"
EndProject
Project("{9A19103F-16F7-4668-BE54-9A1E7A4F7556}") = "Vulnerable.Net48.Infrastructure.Data", "Vulnerable.Net48.Infrastructure.Data\Vulnerable.Net48.Infrastructure.Data.csproj", "{442C117F-7CB4-4F06-BCBC-31F5F0C60311}"
EndProject
Project("{E53339B2-1760-4266-BCC7-CA923CBCF16C}") = "docker-compose", "docker-compose.dcproj", "{3A362FB5-F0DA-446E-8CF7-F2A858B84F42}"
EndProject
Project("{2150E333-8FDC-42A3-9474-1A3956D46DE8}") = "Solution Items", "Solution Items", "{26F72BCE-E150-4BE7-B18C-61B325FD235D}"
	ProjectSection(SolutionItems) = preProject
		.editorconfig = .editorconfig
	EndProjectSection
EndProject
Project("{9A19103F-16F7-4668-BE54-9A1E7A4F7556}") = "Vulnerable.Net48.Infrastructure", "Vulnerable.Net48.Infrastructure\Vulnerable.Net48.Infrastructure.csproj", "{C5E0693A-504F-4548-9D08-217253795B90}"
EndProject
Global
	GlobalSection(SolutionConfigurationPlatforms) = preSolution
		Debug|Any CPU = Debug|Any CPU
		Release|Any CPU = Release|Any CPU
	EndGlobalSection
	GlobalSection(ProjectConfigurationPlatforms) = postSolution
		{5D407CA5-A59E-4461-9FAE-9CDD0B18009B}.Debug|Any CPU.ActiveCfg = Debug|Any CPU
		{5D407CA5-A59E-4461-9FAE-9CDD0B18009B}.Debug|Any CPU.Build.0 = Debug|Any CPU
		{5D407CA5-A59E-4461-9FAE-9CDD0B18009B}.Release|Any CPU.ActiveCfg = Release|Any CPU
		{5D407CA5-A59E-4461-9FAE-9CDD0B18009B}.Release|Any CPU.Build.0 = Release|Any CPU
		{80FF71CB-8E75-4642-A4DD-6FFA4E97DB75}.Debug|Any CPU.ActiveCfg = Debug|Any CPU
		{80FF71CB-8E75-4642-A4DD-6FFA4E97DB75}.Debug|Any CPU.Build.0 = Debug|Any CPU
		{80FF71CB-8E75-4642-A4DD-6FFA4E97DB75}.Release|Any CPU.ActiveCfg = Release|Any CPU
		{80FF71CB-8E75-4642-A4DD-6FFA4E97DB75}.Release|Any CPU.Build.0 = Release|Any CPU
		{4BE4E459-3594-49CE-8108-386921C6F111}.Debug|Any CPU.ActiveCfg = Debug|Any CPU
		{4BE4E459-3594-49CE-8108-386921C6F111}.Debug|Any CPU.Build.0 = Debug|Any CPU
		{4BE4E459-3594-49CE-8108-386921C6F111}.Release|Any CPU.ActiveCfg = Release|Any CPU
		{4BE4E459-3594-49CE-8108-386921C6F111}.Release|Any CPU.Build.0 = Release|Any CPU
		{758A7281-6E21-473F-9DDC-8E99979C6A24}.Debug|Any CPU.ActiveCfg = Debug|Any CPU
		{758A7281-6E21-473F-9DDC-8E99979C6A24}.Debug|Any CPU.Build.0 = Debug|Any CPU
		{758A7281-6E21-473F-9DDC-8E99979C6A24}.Release|Any CPU.ActiveCfg = Release|Any CPU
		{758A7281-6E21-473F-9DDC-8E99979C6A24}.Release|Any CPU.Build.0 = Release|Any CPU
		{C523F530-89E8-4AA6-AD8B-85E60795AB2F}.Debug|Any CPU.ActiveCfg = Debug|Any CPU
		{C523F530-89E8-4AA6-AD8B-85E60795AB2F}.Debug|Any CPU.Build.0 = Debug|Any CPU
		{C523F530-89E8-4AA6-AD8B-85E60795AB2F}.Release|Any CPU.ActiveCfg = Release|Any CPU
		{C523F530-89E8-4AA6-AD8B-85E60795AB2F}.Release|Any CPU.Build.0 = Release|Any CPU
		{442C117F-7CB4-4F06-BCBC-31F5F0C60311}.Debug|Any CPU.ActiveCfg = Debug|Any CPU
		{442C117F-7CB4-4F06-BCBC-31F5F0C60311}.Debug|Any CPU.Build.0 = Debug|Any CPU
		{442C117F-7CB4-4F06-BCBC-31F5F0C60311}.Release|Any CPU.ActiveCfg = Release|Any CPU
		{442C117F-7CB4-4F06-BCBC-31F5F0C60311}.Release|Any CPU.Build.0 = Release|Any CPU
		{3A362FB5-F0DA-446E-8CF7-F2A858B84F42}.Debug|Any CPU.ActiveCfg = Debug|Any CPU
		{3A362FB5-F0DA-446E-8CF7-F2A858B84F42}.Debug|Any CPU.Build.0 = Debug|Any CPU
		{3A362FB5-F0DA-446E-8CF7-F2A858B84F42}.Release|Any CPU.ActiveCfg = Release|Any CPU
		{3A362FB5-F0DA-446E-8CF7-F2A858B84F42}.Release|Any CPU.Build.0 = Release|Any CPU
		{C5E0693A-504F-4548-9D08-217253795B90}.Debug|Any CPU.ActiveCfg = Debug|Any CPU
		{C5E0693A-504F-4548-9D08-217253795B90}.Debug|Any CPU.Build.0 = Debug|Any CPU
		{C5E0693A-504F-4548-9D08-217253795B90}.Release|Any CPU.ActiveCfg = Release|Any CPU
		{C5E0693A-504F-4548-9D08-217253795B90}.Release|Any CPU.Build.0 = Release|Any CPU
	EndGlobalSection
	GlobalSection(SolutionProperties) = preSolution
		HideSolutionNode = FALSE
	EndGlobalSection
	GlobalSection(NestedProjects) = preSolution
		{5D407CA5-A59E-4461-9FAE-9CDD0B18009B} = {04E90303-DA75-42A5-A9D7-EE32FA841842}
		{80FF71CB-8E75-4642-A4DD-6FFA4E97DB75} = {AEDCD6F6-6153-4DAB-9E5F-ED5E2FBDE7AD}
		{4BE4E459-3594-49CE-8108-386921C6F111} = {04E90303-DA75-42A5-A9D7-EE32FA841842}
		{758A7281-6E21-473F-9DDC-8E99979C6A24} = {45B949D1-25CD-4500-9F57-D4D0A82B047E}
		{C523F530-89E8-4AA6-AD8B-85E60795AB2F} = {34309014-4D36-4E6C-AB38-67F1314FE2E2}
		{442C117F-7CB4-4F06-BCBC-31F5F0C60311} = {45B949D1-25CD-4500-9F57-D4D0A82B047E}
		{C5E0693A-504F-4548-9D08-217253795B90} = {45B949D1-25CD-4500-9F57-D4D0A82B047E}
	EndGlobalSection
	GlobalSection(ExtensibilityGlobals) = postSolution
		SolutionGuid = {D958E4E0-EB48-4C20-9D31-859C5BADC004}
	EndGlobalSection
EndGlobal
